
Microsoft Visual Studio Solution File, Format Version 12.00
# Visual Studio Version 17
VisualStudioVersion = 17.0.31825.309
MinimumVisualStudioVersion = 10.0.40219.1
Project("{9A19103F-16F7-4668-BE54-9A1E7A4F7556}") = "Day1", "Day1\Day1.csproj", "{181022F2-E029-4F6B-98CA-11E0A397621F}"
EndProject
Project("{9A19103F-16F7-4668-BE54-9A1E7A4F7556}") = "Day2", "Day2\Day2.csproj", "{DCF83C1C-94E1-4E20-A723-B1101CBAD46D}"
EndProject
Project("{9A19103F-16F7-4668-BE54-9A1E7A4F7556}") = "Day3", "Day3\Day3.csproj", "{23CDC72D-FC7E-454B-9D16-E54889963F21}"
EndProject
Project("{9A19103F-16F7-4668-BE54-9A1E7A4F7556}") = "Day4", "Day4\Day4.csproj", "{13024903-EC68-4B75-8943-B4257A719A2A}"
EndProject
Project("{9A19103F-16F7-4668-BE54-9A1E7A4F7556}") = "Day5", "Day5\Day5.csproj", "{900C3996-F7B9-47C5-9200-7978AE7F7176}"
EndProject
Project("{9A19103F-16F7-4668-BE54-9A1E7A4F7556}") = "Day6", "Day6\Day6.csproj", "{0BFDCA46-1285-45C5-9382-8DD407E45573}"
EndProject
Project("{9A19103F-16F7-4668-BE54-9A1E7A4F7556}") = "Day7", "Day7\Day7.csproj", "{C444FE6B-BE0A-4FE8-9084-D34267BA79EC}"
EndProject
Project("{9A19103F-16F7-4668-BE54-9A1E7A4F7556}") = "Day8", "Day8\Day8.csproj", "{AAF7CFD9-C4D1-43A5-B54A-50566F8A6283}"
EndProject
Project("{9A19103F-16F7-4668-BE54-9A1E7A4F7556}") = "Day9", "Day9\Day9.csproj", "{B011E786-7712-4023-A007-49A079C37105}"
EndProject
Project("{9A19103F-16F7-4668-BE54-9A1E7A4F7556}") = "Day10", "Day10\Day10.csproj", "{AD82E5F2-DCF6-453F-A6A4-A9A7D5C7D9D8}"
EndProject
Project("{9A19103F-16F7-4668-BE54-9A1E7A4F7556}") = "Day11", "Day11\Day11.csproj", "{7629EB2A-AAEC-422E-B6D0-94CCF1CB5FC8}"
EndProject
Project("{FAE04EC0-301F-11D3-BF4B-00C04F79EFBC}") = "Day12", "Day12\Day12.csproj", "{12ACF7E8-8089-4D2A-9110-9D346D42F2CC}"
EndProject
Global
	GlobalSection(SolutionConfigurationPlatforms) = preSolution
		Debug|Any CPU = Debug|Any CPU
		Release|Any CPU = Release|Any CPU
	EndGlobalSection
	GlobalSection(ProjectConfigurationPlatforms) = postSolution
		{181022F2-E029-4F6B-98CA-11E0A397621F}.Debug|Any CPU.ActiveCfg = Debug|Any CPU
		{181022F2-E029-4F6B-98CA-11E0A397621F}.Debug|Any CPU.Build.0 = Debug|Any CPU
		{181022F2-E029-4F6B-98CA-11E0A397621F}.Release|Any CPU.ActiveCfg = Release|Any CPU
		{181022F2-E029-4F6B-98CA-11E0A397621F}.Release|Any CPU.Build.0 = Release|Any CPU
		{DCF83C1C-94E1-4E20-A723-B1101CBAD46D}.Debug|Any CPU.ActiveCfg = Debug|Any CPU
		{DCF83C1C-94E1-4E20-A723-B1101CBAD46D}.Debug|Any CPU.Build.0 = Debug|Any CPU
		{DCF83C1C-94E1-4E20-A723-B1101CBAD46D}.Release|Any CPU.ActiveCfg = Release|Any CPU
		{DCF83C1C-94E1-4E20-A723-B1101CBAD46D}.Release|Any CPU.Build.0 = Release|Any CPU
		{23CDC72D-FC7E-454B-9D16-E54889963F21}.Debug|Any CPU.ActiveCfg = Debug|Any CPU
		{23CDC72D-FC7E-454B-9D16-E54889963F21}.Debug|Any CPU.Build.0 = Debug|Any CPU
		{23CDC72D-FC7E-454B-9D16-E54889963F21}.Release|Any CPU.ActiveCfg = Release|Any CPU
		{23CDC72D-FC7E-454B-9D16-E54889963F21}.Release|Any CPU.Build.0 = Release|Any CPU
		{13024903-EC68-4B75-8943-B4257A719A2A}.Debug|Any CPU.ActiveCfg = Debug|Any CPU
		{13024903-EC68-4B75-8943-B4257A719A2A}.Debug|Any CPU.Build.0 = Debug|Any CPU
		{13024903-EC68-4B75-8943-B4257A719A2A}.Release|Any CPU.ActiveCfg = Release|Any CPU
		{13024903-EC68-4B75-8943-B4257A719A2A}.Release|Any CPU.Build.0 = Release|Any CPU
		{900C3996-F7B9-47C5-9200-7978AE7F7176}.Debug|Any CPU.ActiveCfg = Debug|Any CPU
		{900C3996-F7B9-47C5-9200-7978AE7F7176}.Debug|Any CPU.Build.0 = Debug|Any CPU
		{900C3996-F7B9-47C5-9200-7978AE7F7176}.Release|Any CPU.ActiveCfg = Release|Any CPU
		{900C3996-F7B9-47C5-9200-7978AE7F7176}.Release|Any CPU.Build.0 = Release|Any CPU
		{0BFDCA46-1285-45C5-9382-8DD407E45573}.Debug|Any CPU.ActiveCfg = Debug|Any CPU
		{0BFDCA46-1285-45C5-9382-8DD407E45573}.Debug|Any CPU.Build.0 = Debug|Any CPU
		{0BFDCA46-1285-45C5-9382-8DD407E45573}.Release|Any CPU.ActiveCfg = Release|Any CPU
		{0BFDCA46-1285-45C5-9382-8DD407E45573}.Release|Any CPU.Build.0 = Release|Any CPU
		{C444FE6B-BE0A-4FE8-9084-D34267BA79EC}.Debug|Any CPU.ActiveCfg = Debug|Any CPU
		{C444FE6B-BE0A-4FE8-9084-D34267BA79EC}.Debug|Any CPU.Build.0 = Debug|Any CPU
		{C444FE6B-BE0A-4FE8-9084-D34267BA79EC}.Release|Any CPU.ActiveCfg = Release|Any CPU
		{C444FE6B-BE0A-4FE8-9084-D34267BA79EC}.Release|Any CPU.Build.0 = Release|Any CPU
		{AAF7CFD9-C4D1-43A5-B54A-50566F8A6283}.Debug|Any CPU.ActiveCfg = Debug|Any CPU
		{AAF7CFD9-C4D1-43A5-B54A-50566F8A6283}.Debug|Any CPU.Build.0 = Debug|Any CPU
		{AAF7CFD9-C4D1-43A5-B54A-50566F8A6283}.Release|Any CPU.ActiveCfg = Release|Any CPU
		{AAF7CFD9-C4D1-43A5-B54A-50566F8A6283}.Release|Any CPU.Build.0 = Release|Any CPU
		{B011E786-7712-4023-A007-49A079C37105}.Debug|Any CPU.ActiveCfg = Debug|Any CPU
		{B011E786-7712-4023-A007-49A079C37105}.Debug|Any CPU.Build.0 = Debug|Any CPU
		{B011E786-7712-4023-A007-49A079C37105}.Release|Any CPU.ActiveCfg = Release|Any CPU
		{B011E786-7712-4023-A007-49A079C37105}.Release|Any CPU.Build.0 = Release|Any CPU
		{AD82E5F2-DCF6-453F-A6A4-A9A7D5C7D9D8}.Debug|Any CPU.ActiveCfg = Debug|Any CPU
		{AD82E5F2-DCF6-453F-A6A4-A9A7D5C7D9D8}.Debug|Any CPU.Build.0 = Debug|Any CPU
		{AD82E5F2-DCF6-453F-A6A4-A9A7D5C7D9D8}.Release|Any CPU.ActiveCfg = Release|Any CPU
		{AD82E5F2-DCF6-453F-A6A4-A9A7D5C7D9D8}.Release|Any CPU.Build.0 = Release|Any CPU
		{7629EB2A-AAEC-422E-B6D0-94CCF1CB5FC8}.Debug|Any CPU.ActiveCfg = Debug|Any CPU
		{7629EB2A-AAEC-422E-B6D0-94CCF1CB5FC8}.Debug|Any CPU.Build.0 = Debug|Any CPU
		{7629EB2A-AAEC-422E-B6D0-94CCF1CB5FC8}.Release|Any CPU.ActiveCfg = Release|Any CPU
		{7629EB2A-AAEC-422E-B6D0-94CCF1CB5FC8}.Release|Any CPU.Build.0 = Release|Any CPU
		{12ACF7E8-8089-4D2A-9110-9D346D42F2CC}.Debug|Any CPU.ActiveCfg = Debug|Any CPU
		{12ACF7E8-8089-4D2A-9110-9D346D42F2CC}.Debug|Any CPU.Build.0 = Debug|Any CPU
		{12ACF7E8-8089-4D2A-9110-9D346D42F2CC}.Release|Any CPU.ActiveCfg = Release|Any CPU
		{12ACF7E8-8089-4D2A-9110-9D346D42F2CC}.Release|Any CPU.Build.0 = Release|Any CPU
	EndGlobalSection
	GlobalSection(SolutionProperties) = preSolution
		HideSolutionNode = FALSE
	EndGlobalSection
	GlobalSection(ExtensibilityGlobals) = postSolution
		SolutionGuid = {96660527-45DF-4200-9943-2367563D448B}
	EndGlobalSection
EndGlobal
